// !$*UTF8*$!
{
	archiveVersion = 1;
	classes = {
	};
	objectVersion = 56;
	objects = {

/* Begin PBXBuildFile section */
		0F05E6B42B62B4D2009EBE91 /* CozyGatherApp.swift in Sources */ = {isa = PBXBuildFile; fileRef = 0F05E6B32B62B4D2009EBE91 /* CozyGatherApp.swift */; };
		0F05E6B62B62B4D2009EBE91 /* ContentView.swift in Sources */ = {isa = PBXBuildFile; fileRef = 0F05E6B52B62B4D2009EBE91 /* ContentView.swift */; };
		0F05E6B82B62B4D3009EBE91 /* Assets.xcassets in Resources */ = {isa = PBXBuildFile; fileRef = 0F05E6B72B62B4D3009EBE91 /* Assets.xcassets */; };
		0F05E6BB2B62B4D3009EBE91 /* Preview Assets.xcassets in Resources */ = {isa = PBXBuildFile; fileRef = 0F05E6BA2B62B4D3009EBE91 /* Preview Assets.xcassets */; };
		0F05E6CE2B62B662009EBE91 /* SecondScreen.swift in Sources */ = {isa = PBXBuildFile; fileRef = 0F05E6CD2B62B662009EBE91 /* SecondScreen.swift */; };
		0F05E6D42B62BA23009EBE91 /* SupplierProfile.swift in Sources */ = {isa = PBXBuildFile; fileRef = 0F05E6D32B62BA23009EBE91 /* SupplierProfile.swift */; };
		0F05E6D62B62BA39009EBE91 /* GuestMain.swift in Sources */ = {isa = PBXBuildFile; fileRef = 0F05E6D52B62BA39009EBE91 /* GuestMain.swift */; };
		0F05E6D82B62BA47009EBE91 /* messagelist.swift in Sources */ = {isa = PBXBuildFile; fileRef = 0F05E6D72B62BA47009EBE91 /* messagelist.swift */; };
		0F05E6DE2B62BA72009EBE91 /* UserProfile.swift in Sources */ = {isa = PBXBuildFile; fileRef = 0F05E6DD2B62BA72009EBE91 /* UserProfile.swift */; };
		0F05E6E02B62BA7F009EBE91 /* SignIn.swift in Sources */ = {isa = PBXBuildFile; fileRef = 0F05E6DF2B62BA7F009EBE91 /* SignIn.swift */; };
		0F05E6E22B62BA8C009EBE91 /* SignUp.swift in Sources */ = {isa = PBXBuildFile; fileRef = 0F05E6E12B62BA8C009EBE91 /* SignUp.swift */; };
		0F05E6E42B62BA98009EBE91 /* Events.swift in Sources */ = {isa = PBXBuildFile; fileRef = 0F05E6E32B62BA98009EBE91 /* Events.swift */; };
		0F0DF8BC2B680BB40016E3FB /* Toolbar.swift in Sources */ = {isa = PBXBuildFile; fileRef = 0F0DF8BB2B680BB40016E3FB /* Toolbar.swift */; };
		0F7B53252B67B320008E6E4D /* home_user.swift in Sources */ = {isa = PBXBuildFile; fileRef = 0F7B53242B67B320008E6E4D /* home_user.swift */; };
		0F7B53352B68B814008E6E4D /* BudgetApp.swift in Sources */ = {isa = PBXBuildFile; fileRef = 0F7B53342B68B814008E6E4D /* BudgetApp.swift */; };
		0F7B53382B68BC89008E6E4D /* VendorHome.swift in Sources */ = {isa = PBXBuildFile; fileRef = 0F7B53372B68BC89008E6E4D /* VendorHome.swift */; };
		0F7B533A2B68C18B008E6E4D /* Vendor_Toolbar.swift in Sources */ = {isa = PBXBuildFile; fileRef = 0F7B53392B68C18B008E6E4D /* Vendor_Toolbar.swift */; };
		0F7B533C2B68ED0D008E6E4D /* guestbox.swift in Sources */ = {isa = PBXBuildFile; fileRef = 0F7B533B2B68ED0D008E6E4D /* guestbox.swift */; };
		0F88BE732B67868100D81A29 /* CreateEvent.swift in Sources */ = {isa = PBXBuildFile; fileRef = 0F88BE722B67868100D81A29 /* CreateEvent.swift */; };
		0F88BE752B6786B200D81A29 /* DateAndTime.swift in Sources */ = {isa = PBXBuildFile; fileRef = 0F88BE742B6786B200D81A29 /* DateAndTime.swift */; };
		0F88BE772B6786DB00D81A29 /* ConfirmEvent.swift in Sources */ = {isa = PBXBuildFile; fileRef = 0F88BE762B6786DB00D81A29 /* ConfirmEvent.swift */; };
		0F88BE792B6786F800D81A29 /* SelectCoHost.swift in Sources */ = {isa = PBXBuildFile; fileRef = 0F88BE782B6786F800D81A29 /* SelectCoHost.swift */; };
		0F88BE7E2B6788B700D81A29 /* messageboxsample.swift in Sources */ = {isa = PBXBuildFile; fileRef = 0F88BE7D2B6788B700D81A29 /* messageboxsample.swift */; };
		0F88BE812B6788EE00D81A29 /* Notification1.swift in Sources */ = {isa = PBXBuildFile; fileRef = 0F88BE802B6788EE00D81A29 /* Notification1.swift */; };
		0F88BE832B67891400D81A29 /* CustomNotificationBox1.swift in Sources */ = {isa = PBXBuildFile; fileRef = 0F88BE822B67891400D81A29 /* CustomNotificationBox1.swift */; };
		0F88BE862B6789AE00D81A29 /* MainOrders.swift in Sources */ = {isa = PBXBuildFile; fileRef = 0F88BE852B6789AE00D81A29 /* MainOrders.swift */; };
		0F88BE882B6789DE00D81A29 /* CustomCard.swift in Sources */ = {isa = PBXBuildFile; fileRef = 0F88BE872B6789DE00D81A29 /* CustomCard.swift */; };
		0F88BE8A2B6789F600D81A29 /* FilterScreen1.swift in Sources */ = {isa = PBXBuildFile; fileRef = 0F88BE892B6789F600D81A29 /* FilterScreen1.swift */; };
		0F88BE8C2B678A7F00D81A29 /* ViewDetails.swift in Sources */ = {isa = PBXBuildFile; fileRef = 0F88BE8B2B678A7F00D81A29 /* ViewDetails.swift */; };
		0F88BE8F2B678AEA00D81A29 /* TransitionToAskDetails.swift in Sources */ = {isa = PBXBuildFile; fileRef = 0F88BE8E2B678AEA00D81A29 /* TransitionToAskDetails.swift */; };
		0F88BE912B678B1900D81A29 /* WaitForFirstOrder.swift in Sources */ = {isa = PBXBuildFile; fileRef = 0F88BE902B678B1900D81A29 /* WaitForFirstOrder.swift */; };
		0F88BE932B678B3500D81A29 /* detail.swift in Sources */ = {isa = PBXBuildFile; fileRef = 0F88BE922B678B3500D81A29 /* detail.swift */; };
		0FA693ED2B6754A8006B18C6 /* VendorList.swift in Sources */ = {isa = PBXBuildFile; fileRef = 0FA693EC2B6754A8006B18C6 /* VendorList.swift */; };
		0FA693EF2B6754F8006B18C6 /* VendorListCustomBox.swift in Sources */ = {isa = PBXBuildFile; fileRef = 0FA693EE2B6754F8006B18C6 /* VendorListCustomBox.swift */; };
		0FA693F12B675538006B18C6 /* FilterScreen.swift in Sources */ = {isa = PBXBuildFile; fileRef = 0FA693F02B675538006B18C6 /* FilterScreen.swift */; };
		0FA693F32B67556B006B18C6 /* View1.swift in Sources */ = {isa = PBXBuildFile; fileRef = 0FA693F22B67556B006B18C6 /* View1.swift */; };
		0FA693F52B675592006B18C6 /* ViewVendr1.swift in Sources */ = {isa = PBXBuildFile; fileRef = 0FA693F42B675592006B18C6 /* ViewVendr1.swift */; };
		0FA693F72B6755CC006B18C6 /* Notification.swift in Sources */ = {isa = PBXBuildFile; fileRef = 0FA693F62B6755CC006B18C6 /* Notification.swift */; };
		0FA693F92B6755EF006B18C6 /* CustomNotificationBox.swift in Sources */ = {isa = PBXBuildFile; fileRef = 0FA693F82B6755EF006B18C6 /* CustomNotificationBox.swift */; };
		0FA693FB2B67565F006B18C6 /* CustomManageBox.swift in Sources */ = {isa = PBXBuildFile; fileRef = 0FA693FA2B67565F006B18C6 /* CustomManageBox.swift */; };
		0FA99AD42B6E580600FBBC41 /* vendr_signin.swift in Sources */ = {isa = PBXBuildFile; fileRef = 0FA99AD32B6E580600FBBC41 /* vendr_signin.swift */; };
		0FA99AD62B6E58F700FBBC41 /* vendr_signup.swift in Sources */ = {isa = PBXBuildFile; fileRef = 0FA99AD52B6E58F700FBBC41 /* vendr_signup.swift */; };
		0FADDF462B6CBD440032AAD9 /* task.swift in Sources */ = {isa = PBXBuildFile; fileRef = 0FADDF452B6CBD440032AAD9 /* task.swift */; };
		0FADDF4C2B6CBDDF0032AAD9 /* taskBox.swift in Sources */ = {isa = PBXBuildFile; fileRef = 0FADDF4B2B6CBDDF0032AAD9 /* taskBox.swift */; };
/* End PBXBuildFile section */

/* Begin PBXFileReference section */
		0F05E6B02B62B4D2009EBE91 /* CozyGather.app */ = {isa = PBXFileReference; explicitFileType = wrapper.application; includeInIndex = 0; path = CozyGather.app; sourceTree = BUILT_PRODUCTS_DIR; };
		0F05E6B32B62B4D2009EBE91 /* CozyGatherApp.swift */ = {isa = PBXFileReference; lastKnownFileType = sourcecode.swift; path = CozyGatherApp.swift; sourceTree = "<group>"; };
		0F05E6B52B62B4D2009EBE91 /* ContentView.swift */ = {isa = PBXFileReference; lastKnownFileType = sourcecode.swift; path = ContentView.swift; sourceTree = "<group>"; };
		0F05E6B72B62B4D3009EBE91 /* Assets.xcassets */ = {isa = PBXFileReference; lastKnownFileType = folder.assetcatalog; path = Assets.xcassets; sourceTree = "<group>"; };
		0F05E6BA2B62B4D3009EBE91 /* Preview Assets.xcassets */ = {isa = PBXFileReference; lastKnownFileType = folder.assetcatalog; path = "Preview Assets.xcassets"; sourceTree = "<group>"; };
		0F05E6CD2B62B662009EBE91 /* SecondScreen.swift */ = {isa = PBXFileReference; lastKnownFileType = sourcecode.swift; path = SecondScreen.swift; sourceTree = "<group>"; };
		0F05E6D32B62BA23009EBE91 /* SupplierProfile.swift */ = {isa = PBXFileReference; lastKnownFileType = sourcecode.swift; path = SupplierProfile.swift; sourceTree = "<group>"; };
		0F05E6D52B62BA39009EBE91 /* GuestMain.swift */ = {isa = PBXFileReference; lastKnownFileType = sourcecode.swift; path = GuestMain.swift; sourceTree = "<group>"; };
		0F05E6D72B62BA47009EBE91 /* messagelist.swift */ = {isa = PBXFileReference; lastKnownFileType = sourcecode.swift; path = messagelist.swift; sourceTree = "<group>"; };
		0F05E6DD2B62BA72009EBE91 /* UserProfile.swift */ = {isa = PBXFileReference; lastKnownFileType = sourcecode.swift; path = UserProfile.swift; sourceTree = "<group>"; };
		0F05E6DF2B62BA7F009EBE91 /* SignIn.swift */ = {isa = PBXFileReference; lastKnownFileType = sourcecode.swift; path = SignIn.swift; sourceTree = "<group>"; };
		0F05E6E12B62BA8C009EBE91 /* SignUp.swift */ = {isa = PBXFileReference; lastKnownFileType = sourcecode.swift; path = SignUp.swift; sourceTree = "<group>"; };
		0F05E6E32B62BA98009EBE91 /* Events.swift */ = {isa = PBXFileReference; lastKnownFileType = sourcecode.swift; path = Events.swift; sourceTree = "<group>"; };
		0F0DF8BB2B680BB40016E3FB /* Toolbar.swift */ = {isa = PBXFileReference; lastKnownFileType = sourcecode.swift; path = Toolbar.swift; sourceTree = "<group>"; };
		0F7B53242B67B320008E6E4D /* home_user.swift */ = {isa = PBXFileReference; lastKnownFileType = sourcecode.swift; path = home_user.swift; sourceTree = "<group>"; };
		0F7B53342B68B814008E6E4D /* BudgetApp.swift */ = {isa = PBXFileReference; lastKnownFileType = sourcecode.swift; path = BudgetApp.swift; sourceTree = "<group>"; };
		0F7B53372B68BC89008E6E4D /* VendorHome.swift */ = {isa = PBXFileReference; lastKnownFileType = sourcecode.swift; path = VendorHome.swift; sourceTree = "<group>"; };
		0F7B53392B68C18B008E6E4D /* Vendor_Toolbar.swift */ = {isa = PBXFileReference; lastKnownFileType = sourcecode.swift; path = Vendor_Toolbar.swift; sourceTree = "<group>"; };
		0F7B533B2B68ED0D008E6E4D /* guestbox.swift */ = {isa = PBXFileReference; lastKnownFileType = sourcecode.swift; path = guestbox.swift; sourceTree = "<group>"; };
		0F88BE722B67868100D81A29 /* CreateEvent.swift */ = {isa = PBXFileReference; lastKnownFileType = sourcecode.swift; path = CreateEvent.swift; sourceTree = "<group>"; };
		0F88BE742B6786B200D81A29 /* DateAndTime.swift */ = {isa = PBXFileReference; lastKnownFileType = sourcecode.swift; path = DateAndTime.swift; sourceTree = "<group>"; };
		0F88BE762B6786DB00D81A29 /* ConfirmEvent.swift */ = {isa = PBXFileReference; lastKnownFileType = sourcecode.swift; path = ConfirmEvent.swift; sourceTree = "<group>"; };
		0F88BE782B6786F800D81A29 /* SelectCoHost.swift */ = {isa = PBXFileReference; lastKnownFileType = sourcecode.swift; path = SelectCoHost.swift; sourceTree = "<group>"; };
		0F88BE7D2B6788B700D81A29 /* messageboxsample.swift */ = {isa = PBXFileReference; lastKnownFileType = sourcecode.swift; path = messageboxsample.swift; sourceTree = "<group>"; };
		0F88BE802B6788EE00D81A29 /* Notification1.swift */ = {isa = PBXFileReference; lastKnownFileType = sourcecode.swift; path = Notification1.swift; sourceTree = "<group>"; };
		0F88BE822B67891400D81A29 /* CustomNotificationBox1.swift */ = {isa = PBXFileReference; lastKnownFileType = sourcecode.swift; path = CustomNotificationBox1.swift; sourceTree = "<group>"; };
		0F88BE852B6789AE00D81A29 /* MainOrders.swift */ = {isa = PBXFileReference; lastKnownFileType = sourcecode.swift; path = MainOrders.swift; sourceTree = "<group>"; };
		0F88BE872B6789DE00D81A29 /* CustomCard.swift */ = {isa = PBXFileReference; lastKnownFileType = sourcecode.swift; path = CustomCard.swift; sourceTree = "<group>"; };
		0F88BE892B6789F600D81A29 /* FilterScreen1.swift */ = {isa = PBXFileReference; lastKnownFileType = sourcecode.swift; path = FilterScreen1.swift; sourceTree = "<group>"; };
		0F88BE8B2B678A7F00D81A29 /* ViewDetails.swift */ = {isa = PBXFileReference; lastKnownFileType = sourcecode.swift; path = ViewDetails.swift; sourceTree = "<group>"; };
		0F88BE8E2B678AEA00D81A29 /* TransitionToAskDetails.swift */ = {isa = PBXFileReference; lastKnownFileType = sourcecode.swift; path = TransitionToAskDetails.swift; sourceTree = "<group>"; };
		0F88BE902B678B1900D81A29 /* WaitForFirstOrder.swift */ = {isa = PBXFileReference; lastKnownFileType = sourcecode.swift; path = WaitForFirstOrder.swift; sourceTree = "<group>"; };
		0F88BE922B678B3500D81A29 /* detail.swift */ = {isa = PBXFileReference; lastKnownFileType = sourcecode.swift; path = detail.swift; sourceTree = "<group>"; };
		0FA693EC2B6754A8006B18C6 /* VendorList.swift */ = {isa = PBXFileReference; lastKnownFileType = sourcecode.swift; path = VendorList.swift; sourceTree = "<group>"; };
		0FA693EE2B6754F8006B18C6 /* VendorListCustomBox.swift */ = {isa = PBXFileReference; lastKnownFileType = sourcecode.swift; path = VendorListCustomBox.swift; sourceTree = "<group>"; };
		0FA693F02B675538006B18C6 /* FilterScreen.swift */ = {isa = PBXFileReference; lastKnownFileType = sourcecode.swift; path = FilterScreen.swift; sourceTree = "<group>"; };
		0FA693F22B67556B006B18C6 /* View1.swift */ = {isa = PBXFileReference; lastKnownFileType = sourcecode.swift; path = View1.swift; sourceTree = "<group>"; };
		0FA693F42B675592006B18C6 /* ViewVendr1.swift */ = {isa = PBXFileReference; lastKnownFileType = sourcecode.swift; path = ViewVendr1.swift; sourceTree = "<group>"; };
		0FA693F62B6755CC006B18C6 /* Notification.swift */ = {isa = PBXFileReference; lastKnownFileType = sourcecode.swift; path = Notification.swift; sourceTree = "<group>"; };
		0FA693F82B6755EF006B18C6 /* CustomNotificationBox.swift */ = {isa = PBXFileReference; lastKnownFileType = sourcecode.swift; path = CustomNotificationBox.swift; sourceTree = "<group>"; };
		0FA693FA2B67565F006B18C6 /* CustomManageBox.swift */ = {isa = PBXFileReference; lastKnownFileType = sourcecode.swift; path = CustomManageBox.swift; sourceTree = "<group>"; };
		0FA99AD32B6E580600FBBC41 /* vendr_signin.swift */ = {isa = PBXFileReference; lastKnownFileType = sourcecode.swift; path = vendr_signin.swift; sourceTree = "<group>"; };
		0FA99AD52B6E58F700FBBC41 /* vendr_signup.swift */ = {isa = PBXFileReference; lastKnownFileType = sourcecode.swift; path = vendr_signup.swift; sourceTree = "<group>"; };
		0FADDF452B6CBD440032AAD9 /* task.swift */ = {isa = PBXFileReference; lastKnownFileType = sourcecode.swift; path = task.swift; sourceTree = "<group>"; };
		0FADDF4B2B6CBDDF0032AAD9 /* taskBox.swift */ = {isa = PBXFileReference; lastKnownFileType = sourcecode.swift; path = taskBox.swift; sourceTree = "<group>"; };
/* End PBXFileReference section */

/* Begin PBXFrameworksBuildPhase section */
		0F05E6AD2B62B4D2009EBE91 /* Frameworks */ = {
			isa = PBXFrameworksBuildPhase;
			buildActionMask = 2147483647;
			files = (
			);
			runOnlyForDeploymentPostprocessing = 0;
		};
/* End PBXFrameworksBuildPhase section */

/* Begin PBXGroup section */
		0F05E6A72B62B4D2009EBE91 = {
			isa = PBXGroup;
			children = (
				0F05E6B22B62B4D2009EBE91 /* CozyGather */,
				0F05E6B12B62B4D2009EBE91 /* Products */,
			);
			sourceTree = "<group>";
		};
		0F05E6B12B62B4D2009EBE91 /* Products */ = {
			isa = PBXGroup;
			children = (
				0F05E6B02B62B4D2009EBE91 /* CozyGather.app */,
			);
			name = Products;
			sourceTree = "<group>";
		};
		0F05E6B22B62B4D2009EBE91 /* CozyGather */ = {
			isa = PBXGroup;
			children = (
				0F05E6C12B62B4FE009EBE91 /* Components */,
				0F05E6B32B62B4D2009EBE91 /* CozyGatherApp.swift */,
				0F05E6B52B62B4D2009EBE91 /* ContentView.swift */,
				0F05E6CD2B62B662009EBE91 /* SecondScreen.swift */,
				0F05E6B72B62B4D3009EBE91 /* Assets.xcassets */,
				0F05E6B92B62B4D3009EBE91 /* Preview Content */,
			);
			path = CozyGather;
			sourceTree = "<group>";
		};
		0F05E6B92B62B4D3009EBE91 /* Preview Content */ = {
			isa = PBXGroup;
			children = (
				0F05E6BA2B62B4D3009EBE91 /* Preview Assets.xcassets */,
			);
			path = "Preview Content";
			sourceTree = "<group>";
		};
		0F05E6C12B62B4FE009EBE91 /* Components */ = {
			isa = PBXGroup;
			children = (
				0F7B53332B68B805008E6E4D /* Budget */,
				0F0DF8BA2B680BA40016E3FB /* Toolbar */,
				0F05E6CB2B62B551009EBE91 /* Vendor Listing */,
				0F05E6C92B62B549009EBE91 /* Profile */,
				0F05E6CA2B62B54D009EBE91 /* Guest management */,
				0F05E6CC2B62B604009EBE91 /* Messages */,
				0F05E6C82B62B543009EBE91 /* Orders */,
				0F05E6C62B62B528009EBE91 /* Supplier Home */,
				0F05E6C42B62B513009EBE91 /* SignIn & SignUp */,
				0F05E6C32B62B50E009EBE91 /* Events */,
				0F05E6C22B62B508009EBE91 /* User Home */,
			);
			path = Components;
			sourceTree = "<group>";
		};
		0F05E6C22B62B508009EBE91 /* User Home */ = {
			isa = PBXGroup;
			children = (
				0FADDF442B6CBD2C0032AAD9 /* myEvents_tasks */,
				0FA693F62B6755CC006B18C6 /* Notification.swift */,
				0FA693F82B6755EF006B18C6 /* CustomNotificationBox.swift */,
				0F7B53242B67B320008E6E4D /* home_user.swift */,
			);
			path = "User Home";
			sourceTree = "<group>";
		};
		0F05E6C32B62B50E009EBE91 /* Events */ = {
			isa = PBXGroup;
			children = (
				0F88BE712B67729800D81A29 /* add event */,
				0F05E6E32B62BA98009EBE91 /* Events.swift */,
				0FA693FA2B67565F006B18C6 /* CustomManageBox.swift */,
			);
			path = Events;
			sourceTree = "<group>";
		};
		0F05E6C42B62B513009EBE91 /* SignIn & SignUp */ = {
			isa = PBXGroup;
			children = (
				0FA99AD22B6E57E900FBBC41 /* vendr */,
				0FA99AD12B6E57DD00FBBC41 /* user */,
			);
			path = "SignIn & SignUp";
			sourceTree = "<group>";
		};
		0F05E6C62B62B528009EBE91 /* Supplier Home */ = {
			isa = PBXGroup;
			children = (
				0F7B53372B68BC89008E6E4D /* VendorHome.swift */,
				0F88BE8D2B678AE200D81A29 /* details */,
			);
			path = "Supplier Home";
			sourceTree = "<group>";
		};
		0F05E6C82B62B543009EBE91 /* Orders */ = {
			isa = PBXGroup;
			children = (
				0F88BE842B6789A700D81A29 /* SupplierOrder */,
			);
			path = Orders;
			sourceTree = "<group>";
		};
		0F05E6C92B62B549009EBE91 /* Profile */ = {
			isa = PBXGroup;
			children = (
				0F05E6D32B62BA23009EBE91 /* SupplierProfile.swift */,
				0F05E6DD2B62BA72009EBE91 /* UserProfile.swift */,
			);
			path = Profile;
			sourceTree = "<group>";
		};
		0F05E6CA2B62B54D009EBE91 /* Guest management */ = {
			isa = PBXGroup;
			children = (
				0F05E6D52B62BA39009EBE91 /* GuestMain.swift */,
				0F7B533B2B68ED0D008E6E4D /* guestbox.swift */,
			);
			path = "Guest management";
			sourceTree = "<group>";
		};
		0F05E6CB2B62B551009EBE91 /* Vendor Listing */ = {
			isa = PBXGroup;
			children = (
				0FA693EC2B6754A8006B18C6 /* VendorList.swift */,
				0FA693EE2B6754F8006B18C6 /* VendorListCustomBox.swift */,
				0FA693F02B675538006B18C6 /* FilterScreen.swift */,
				0FA693F22B67556B006B18C6 /* View1.swift */,
				0FA693F42B675592006B18C6 /* ViewVendr1.swift */,
			);
			path = "Vendor Listing";
			sourceTree = "<group>";
		};
		0F05E6CC2B62B604009EBE91 /* Messages */ = {
			isa = PBXGroup;
			children = (
				0F05E6D72B62BA47009EBE91 /* messagelist.swift */,
				0F88BE7D2B6788B700D81A29 /* messageboxsample.swift */,
			);
			path = Messages;
			sourceTree = "<group>";
		};
		0F0DF8BA2B680BA40016E3FB /* Toolbar */ = {
			isa = PBXGroup;
			children = (
				0F0DF8BB2B680BB40016E3FB /* Toolbar.swift */,
				0F7B53392B68C18B008E6E4D /* Vendor_Toolbar.swift */,
			);
			path = Toolbar;
			sourceTree = "<group>";
		};
		0F7B53332B68B805008E6E4D /* Budget */ = {
			isa = PBXGroup;
			children = (
				0F7B53342B68B814008E6E4D /* BudgetApp.swift */,
			);
			path = Budget;
			sourceTree = "<group>";
		};
		0F88BE712B67729800D81A29 /* add event */ = {
			isa = PBXGroup;
			children = (
				0F88BE722B67868100D81A29 /* CreateEvent.swift */,
				0F88BE742B6786B200D81A29 /* DateAndTime.swift */,
				0F88BE762B6786DB00D81A29 /* ConfirmEvent.swift */,
				0F88BE782B6786F800D81A29 /* SelectCoHost.swift */,
			);
			path = "add event";
			sourceTree = "<group>";
		};
		0F88BE7F2B6788E400D81A29 /* vendrnoti */ = {
			isa = PBXGroup;
			children = (
				0F88BE802B6788EE00D81A29 /* Notification1.swift */,
				0F88BE822B67891400D81A29 /* CustomNotificationBox1.swift */,
			);
			path = vendrnoti;
			sourceTree = "<group>";
		};
		0F88BE842B6789A700D81A29 /* SupplierOrder */ = {
			isa = PBXGroup;
			children = (
				0F88BE852B6789AE00D81A29 /* MainOrders.swift */,
				0F88BE872B6789DE00D81A29 /* CustomCard.swift */,
				0F88BE892B6789F600D81A29 /* FilterScreen1.swift */,
				0F88BE8B2B678A7F00D81A29 /* ViewDetails.swift */,
				0F88BE7F2B6788E400D81A29 /* vendrnoti */,
			);
			path = SupplierOrder;
			sourceTree = "<group>";
		};
		0F88BE8D2B678AE200D81A29 /* details */ = {
			isa = PBXGroup;
			children = (
				0F88BE8E2B678AEA00D81A29 /* TransitionToAskDetails.swift */,
				0F88BE902B678B1900D81A29 /* WaitForFirstOrder.swift */,
				0F88BE922B678B3500D81A29 /* detail.swift */,
			);
			path = details;
			sourceTree = "<group>";
		};
		0FA99AD12B6E57DD00FBBC41 /* user */ = {
			isa = PBXGroup;
			children = (
				0F05E6DF2B62BA7F009EBE91 /* SignIn.swift */,
				0F05E6E12B62BA8C009EBE91 /* SignUp.swift */,
			);
			path = user;
			sourceTree = "<group>";
		};
		0FA99AD22B6E57E900FBBC41 /* vendr */ = {
			isa = PBXGroup;
			children = (
				0FA99AD32B6E580600FBBC41 /* vendr_signin.swift */,
				0FA99AD52B6E58F700FBBC41 /* vendr_signup.swift */,
			);
			path = vendr;
			sourceTree = "<group>";
		};
		0FADDF442B6CBD2C0032AAD9 /* myEvents_tasks */ = {
			isa = PBXGroup;
			children = (
				0FADDF452B6CBD440032AAD9 /* task.swift */,
				0FADDF4B2B6CBDDF0032AAD9 /* taskBox.swift */,
			);
			path = myEvents_tasks;
			sourceTree = "<group>";
		};
/* End PBXGroup section */

/* Begin PBXNativeTarget section */
		0F05E6AF2B62B4D2009EBE91 /* CozyGather */ = {
			isa = PBXNativeTarget;
			buildConfigurationList = 0F05E6BE2B62B4D3009EBE91 /* Build configuration list for PBXNativeTarget "CozyGather" */;
			buildPhases = (
				0F05E6AC2B62B4D2009EBE91 /* Sources */,
				0F05E6AD2B62B4D2009EBE91 /* Frameworks */,
				0F05E6AE2B62B4D2009EBE91 /* Resources */,
			);
			buildRules = (
			);
			dependencies = (
			);
			name = CozyGather;
			productName = CozyGather;
			productReference = 0F05E6B02B62B4D2009EBE91 /* CozyGather.app */;
			productType = "com.apple.product-type.application";
		};
/* End PBXNativeTarget section */

/* Begin PBXProject section */
		0F05E6A82B62B4D2009EBE91 /* Project object */ = {
			isa = PBXProject;
			attributes = {
				BuildIndependentTargetsInParallel = 1;
				LastSwiftUpdateCheck = 1520;
				LastUpgradeCheck = 1520;
				TargetAttributes = {
					0F05E6AF2B62B4D2009EBE91 = {
						CreatedOnToolsVersion = 15.2;
					};
				};
			};
			buildConfigurationList = 0F05E6AB2B62B4D2009EBE91 /* Build configuration list for PBXProject "CozyGather" */;
			compatibilityVersion = "Xcode 14.0";
			developmentRegion = en;
			hasScannedForEncodings = 0;
			knownRegions = (
				en,
				Base,
			);
			mainGroup = 0F05E6A72B62B4D2009EBE91;
			productRefGroup = 0F05E6B12B62B4D2009EBE91 /* Products */;
			projectDirPath = "";
			projectRoot = "";
			targets = (
				0F05E6AF2B62B4D2009EBE91 /* CozyGather */,
			);
		};
/* End PBXProject section */

/* Begin PBXResourcesBuildPhase section */
		0F05E6AE2B62B4D2009EBE91 /* Resources */ = {
			isa = PBXResourcesBuildPhase;
			buildActionMask = 2147483647;
			files = (
				0F05E6BB2B62B4D3009EBE91 /* Preview Assets.xcassets in Resources */,
				0F05E6B82B62B4D3009EBE91 /* Assets.xcassets in Resources */,
			);
			runOnlyForDeploymentPostprocessing = 0;
		};
/* End PBXResourcesBuildPhase section */

/* Begin PBXSourcesBuildPhase section */
		0F05E6AC2B62B4D2009EBE91 /* Sources */ = {
			isa = PBXSourcesBuildPhase;
			buildActionMask = 2147483647;
			files = (
				0F05E6B62B62B4D2009EBE91 /* ContentView.swift in Sources */,
				0F88BE772B6786DB00D81A29 /* ConfirmEvent.swift in Sources */,
				0FA693F52B675592006B18C6 /* ViewVendr1.swift in Sources */,
				0FADDF4C2B6CBDDF0032AAD9 /* taskBox.swift in Sources */,
				0F05E6D82B62BA47009EBE91 /* messagelist.swift in Sources */,
				0FA99AD62B6E58F700FBBC41 /* vendr_signup.swift in Sources */,
				0F88BE862B6789AE00D81A29 /* MainOrders.swift in Sources */,
				0F88BE7E2B6788B700D81A29 /* messageboxsample.swift in Sources */,
				0F7B53382B68BC89008E6E4D /* VendorHome.swift in Sources */,
				0F05E6B42B62B4D2009EBE91 /* CozyGatherApp.swift in Sources */,
				0F88BE832B67891400D81A29 /* CustomNotificationBox1.swift in Sources */,
				0FA693ED2B6754A8006B18C6 /* VendorList.swift in Sources */,
				0F88BE912B678B1900D81A29 /* WaitForFirstOrder.swift in Sources */,
				0F88BE8A2B6789F600D81A29 /* FilterScreen1.swift in Sources */,
				0F05E6DE2B62BA72009EBE91 /* UserProfile.swift in Sources */,
				0F05E6CE2B62B662009EBE91 /* SecondScreen.swift in Sources */,
				0F7B53252B67B320008E6E4D /* home_user.swift in Sources */,
				0F7B533A2B68C18B008E6E4D /* Vendor_Toolbar.swift in Sources */,
				0F7B53352B68B814008E6E4D /* BudgetApp.swift in Sources */,
				0F05E6E02B62BA7F009EBE91 /* SignIn.swift in Sources */,
				0F88BE932B678B3500D81A29 /* detail.swift in Sources */,
				0F88BE752B6786B200D81A29 /* DateAndTime.swift in Sources */,
				0F05E6E42B62BA98009EBE91 /* Events.swift in Sources */,
				0F0DF8BC2B680BB40016E3FB /* Toolbar.swift in Sources */,
				0FA693F92B6755EF006B18C6 /* CustomNotificationBox.swift in Sources */,
				0F05E6D62B62BA39009EBE91 /* GuestMain.swift in Sources */,
				0F88BE732B67868100D81A29 /* CreateEvent.swift in Sources */,
				0FA693FB2B67565F006B18C6 /* CustomManageBox.swift in Sources */,
				0FA693F12B675538006B18C6 /* FilterScreen.swift in Sources */,
				0F88BE8F2B678AEA00D81A29 /* TransitionToAskDetails.swift in Sources */,
				0FA693F72B6755CC006B18C6 /* Notification.swift in Sources */,
				0FADDF462B6CBD440032AAD9 /* task.swift in Sources */,
				0F88BE792B6786F800D81A29 /* SelectCoHost.swift in Sources */,
				0F88BE812B6788EE00D81A29 /* Notification1.swift in Sources */,
				0F05E6E22B62BA8C009EBE91 /* SignUp.swift in Sources */,
				0FA99AD42B6E580600FBBC41 /* vendr_signin.swift in Sources */,
				0F7B533C2B68ED0D008E6E4D /* guestbox.swift in Sources */,
				0F88BE8C2B678A7F00D81A29 /* ViewDetails.swift in Sources */,
				0F05E6D42B62BA23009EBE91 /* SupplierProfile.swift in Sources */,
				0FA693EF2B6754F8006B18C6 /* VendorListCustomBox.swift in Sources */,
				0F88BE882B6789DE00D81A29 /* CustomCard.swift in Sources */,
				0FA693F32B67556B006B18C6 /* View1.swift in Sources */,
			);
			runOnlyForDeploymentPostprocessing = 0;
		};
/* End PBXSourcesBuildPhase section */

/* Begin XCBuildConfiguration section */
		0F05E6BC2B62B4D3009EBE91 /* Debug */ = {
			isa = XCBuildConfiguration;
			buildSettings = {
				ALWAYS_SEARCH_USER_PATHS = NO;
				ASSETCATALOG_COMPILER_GENERATE_SWIFT_ASSET_SYMBOL_EXTENSIONS = YES;
				CLANG_ANALYZER_NONNULL = YES;
				CLANG_ANALYZER_NUMBER_OBJECT_CONVERSION = YES_AGGRESSIVE;
				CLANG_CXX_LANGUAGE_STANDARD = "gnu++20";
				CLANG_ENABLE_MODULES = YES;
				CLANG_ENABLE_OBJC_ARC = YES;
				CLANG_ENABLE_OBJC_WEAK = YES;
				CLANG_WARN_BLOCK_CAPTURE_AUTORELEASING = YES;
				CLANG_WARN_BOOL_CONVERSION = YES;
				CLANG_WARN_COMMA = YES;
				CLANG_WARN_CONSTANT_CONVERSION = YES;
				CLANG_WARN_DEPRECATED_OBJC_IMPLEMENTATIONS = YES;
				CLANG_WARN_DIRECT_OBJC_ISA_USAGE = YES_ERROR;
				CLANG_WARN_DOCUMENTATION_COMMENTS = YES;
				CLANG_WARN_EMPTY_BODY = YES;
				CLANG_WARN_ENUM_CONVERSION = YES;
				CLANG_WARN_INFINITE_RECURSION = YES;
				CLANG_WARN_INT_CONVERSION = YES;
				CLANG_WARN_NON_LITERAL_NULL_CONVERSION = YES;
				CLANG_WARN_OBJC_IMPLICIT_RETAIN_SELF = YES;
				CLANG_WARN_OBJC_LITERAL_CONVERSION = YES;
				CLANG_WARN_OBJC_ROOT_CLASS = YES_ERROR;
				CLANG_WARN_QUOTED_INCLUDE_IN_FRAMEWORK_HEADER = YES;
				CLANG_WARN_RANGE_LOOP_ANALYSIS = YES;
				CLANG_WARN_STRICT_PROTOTYPES = YES;
				CLANG_WARN_SUSPICIOUS_MOVE = YES;
				CLANG_WARN_UNGUARDED_AVAILABILITY = YES_AGGRESSIVE;
				CLANG_WARN_UNREACHABLE_CODE = YES;
				CLANG_WARN__DUPLICATE_METHOD_MATCH = YES;
				COPY_PHASE_STRIP = NO;
				DEBUG_INFORMATION_FORMAT = dwarf;
				ENABLE_STRICT_OBJC_MSGSEND = YES;
				ENABLE_TESTABILITY = YES;
				ENABLE_USER_SCRIPT_SANDBOXING = YES;
				GCC_C_LANGUAGE_STANDARD = gnu17;
				GCC_DYNAMIC_NO_PIC = NO;
				GCC_NO_COMMON_BLOCKS = YES;
				GCC_OPTIMIZATION_LEVEL = 0;
				GCC_PREPROCESSOR_DEFINITIONS = (
					"DEBUG=1",
					"$(inherited)",
				);
				GCC_WARN_64_TO_32_BIT_CONVERSION = YES;
				GCC_WARN_ABOUT_RETURN_TYPE = YES_ERROR;
				GCC_WARN_UNDECLARED_SELECTOR = YES;
				GCC_WARN_UNINITIALIZED_AUTOS = YES_AGGRESSIVE;
				GCC_WARN_UNUSED_FUNCTION = YES;
				GCC_WARN_UNUSED_VARIABLE = YES;
				IPHONEOS_DEPLOYMENT_TARGET = 17.2;
				LOCALIZATION_PREFERS_STRING_CATALOGS = YES;
				MTL_ENABLE_DEBUG_INFO = INCLUDE_SOURCE;
				MTL_FAST_MATH = YES;
				ONLY_ACTIVE_ARCH = YES;
				SDKROOT = iphoneos;
				SWIFT_ACTIVE_COMPILATION_CONDITIONS = "DEBUG $(inherited)";
				SWIFT_OPTIMIZATION_LEVEL = "-Onone";
			};
			name = Debug;
		};
		0F05E6BD2B62B4D3009EBE91 /* Release */ = {
			isa = XCBuildConfiguration;
			buildSettings = {
				ALWAYS_SEARCH_USER_PATHS = NO;
				ASSETCATALOG_COMPILER_GENERATE_SWIFT_ASSET_SYMBOL_EXTENSIONS = YES;
				CLANG_ANALYZER_NONNULL = YES;
				CLANG_ANALYZER_NUMBER_OBJECT_CONVERSION = YES_AGGRESSIVE;
				CLANG_CXX_LANGUAGE_STANDARD = "gnu++20";
				CLANG_ENABLE_MODULES = YES;
				CLANG_ENABLE_OBJC_ARC = YES;
				CLANG_ENABLE_OBJC_WEAK = YES;
				CLANG_WARN_BLOCK_CAPTURE_AUTORELEASING = YES;
				CLANG_WARN_BOOL_CONVERSION = YES;
				CLANG_WARN_COMMA = YES;
				CLANG_WARN_CONSTANT_CONVERSION = YES;
				CLANG_WARN_DEPRECATED_OBJC_IMPLEMENTATIONS = YES;
				CLANG_WARN_DIRECT_OBJC_ISA_USAGE = YES_ERROR;
				CLANG_WARN_DOCUMENTATION_COMMENTS = YES;
				CLANG_WARN_EMPTY_BODY = YES;
				CLANG_WARN_ENUM_CONVERSION = YES;
				CLANG_WARN_INFINITE_RECURSION = YES;
				CLANG_WARN_INT_CONVERSION = YES;
				CLANG_WARN_NON_LITERAL_NULL_CONVERSION = YES;
				CLANG_WARN_OBJC_IMPLICIT_RETAIN_SELF = YES;
				CLANG_WARN_OBJC_LITERAL_CONVERSION = YES;
				CLANG_WARN_OBJC_ROOT_CLASS = YES_ERROR;
				CLANG_WARN_QUOTED_INCLUDE_IN_FRAMEWORK_HEADER = YES;
				CLANG_WARN_RANGE_LOOP_ANALYSIS = YES;
				CLANG_WARN_STRICT_PROTOTYPES = YES;
				CLANG_WARN_SUSPICIOUS_MOVE = YES;
				CLANG_WARN_UNGUARDED_AVAILABILITY = YES_AGGRESSIVE;
				CLANG_WARN_UNREACHABLE_CODE = YES;
				CLANG_WARN__DUPLICATE_METHOD_MATCH = YES;
				COPY_PHASE_STRIP = NO;
				DEBUG_INFORMATION_FORMAT = "dwarf-with-dsym";
				ENABLE_NS_ASSERTIONS = NO;
				ENABLE_STRICT_OBJC_MSGSEND = YES;
				ENABLE_USER_SCRIPT_SANDBOXING = YES;
				GCC_C_LANGUAGE_STANDARD = gnu17;
				GCC_NO_COMMON_BLOCKS = YES;
				GCC_WARN_64_TO_32_BIT_CONVERSION = YES;
				GCC_WARN_ABOUT_RETURN_TYPE = YES_ERROR;
				GCC_WARN_UNDECLARED_SELECTOR = YES;
				GCC_WARN_UNINITIALIZED_AUTOS = YES_AGGRESSIVE;
				GCC_WARN_UNUSED_FUNCTION = YES;
				GCC_WARN_UNUSED_VARIABLE = YES;
				IPHONEOS_DEPLOYMENT_TARGET = 17.2;
				LOCALIZATION_PREFERS_STRING_CATALOGS = YES;
				MTL_ENABLE_DEBUG_INFO = NO;
				MTL_FAST_MATH = YES;
				SDKROOT = iphoneos;
				SWIFT_COMPILATION_MODE = wholemodule;
				VALIDATE_PRODUCT = YES;
			};
			name = Release;
		};
		0F05E6BF2B62B4D3009EBE91 /* Debug */ = {
			isa = XCBuildConfiguration;
			buildSettings = {
				ASSETCATALOG_COMPILER_APPICON_NAME = AppIcon;
				ASSETCATALOG_COMPILER_GLOBAL_ACCENT_COLOR_NAME = AccentColor;
				CODE_SIGN_STYLE = Automatic;
				CURRENT_PROJECT_VERSION = 1;
				DEVELOPMENT_ASSET_PATHS = "\"CozyGather/Preview Content\"";
				ENABLE_PREVIEWS = YES;
				GENERATE_INFOPLIST_FILE = YES;
				INFOPLIST_KEY_UIApplicationSceneManifest_Generation = YES;
				INFOPLIST_KEY_UIApplicationSupportsIndirectInputEvents = YES;
				INFOPLIST_KEY_UILaunchScreen_Generation = YES;
				INFOPLIST_KEY_UISupportedInterfaceOrientations_iPad = "UIInterfaceOrientationPortrait UIInterfaceOrientationPortraitUpsideDown UIInterfaceOrientationLandscapeLeft UIInterfaceOrientationLandscapeRight";
				INFOPLIST_KEY_UISupportedInterfaceOrientations_iPhone = "UIInterfaceOrientationPortrait UIInterfaceOrientationLandscapeLeft UIInterfaceOrientationLandscapeRight";
				LD_RUNPATH_SEARCH_PATHS = (
					"$(inherited)",
					"@executable_path/Frameworks",
				);
				MARKETING_VERSION = 1.0;
				PRODUCT_BUNDLE_IDENTIFIER = "aa1946-srmist.edu.in.CozyGather";
				PRODUCT_NAME = "$(TARGET_NAME)";
				SWIFT_EMIT_LOC_STRINGS = YES;
				SWIFT_VERSION = 5.0;
				TARGETED_DEVICE_FAMILY = "1,2";
			};
			name = Debug;
		};
		0F05E6C02B62B4D3009EBE91 /* Release */ = {
			isa = XCBuildConfiguration;
			buildSettings = {
				ASSETCATALOG_COMPILER_APPICON_NAME = AppIcon;
				ASSETCATALOG_COMPILER_GLOBAL_ACCENT_COLOR_NAME = AccentColor;
				CODE_SIGN_STYLE = Automatic;
				CURRENT_PROJECT_VERSION = 1;
				DEVELOPMENT_ASSET_PATHS = "\"CozyGather/Preview Content\"";
				ENABLE_PREVIEWS = YES;
				GENERATE_INFOPLIST_FILE = YES;
				INFOPLIST_KEY_UIApplicationSceneManifest_Generation = YES;
				INFOPLIST_KEY_UIApplicationSupportsIndirectInputEvents = YES;
				INFOPLIST_KEY_UILaunchScreen_Generation = YES;
				INFOPLIST_KEY_UISupportedInterfaceOrientations_iPad = "UIInterfaceOrientationPortrait UIInterfaceOrientationPortraitUpsideDown UIInterfaceOrientationLandscapeLeft UIInterfaceOrientationLandscapeRight";
				INFOPLIST_KEY_UISupportedInterfaceOrientations_iPhone = "UIInterfaceOrientationPortrait UIInterfaceOrientationLandscapeLeft UIInterfaceOrientationLandscapeRight";
				LD_RUNPATH_SEARCH_PATHS = (
					"$(inherited)",
					"@executable_path/Frameworks",
				);
				MARKETING_VERSION = 1.0;
				PRODUCT_BUNDLE_IDENTIFIER = "aa1946-srmist.edu.in.CozyGather";
				PRODUCT_NAME = "$(TARGET_NAME)";
				SWIFT_EMIT_LOC_STRINGS = YES;
				SWIFT_VERSION = 5.0;
				TARGETED_DEVICE_FAMILY = "1,2";
			};
			name = Release;
		};
/* End XCBuildConfiguration section */

/* Begin XCConfigurationList section */
		0F05E6AB2B62B4D2009EBE91 /* Build configuration list for PBXProject "CozyGather" */ = {
			isa = XCConfigurationList;
			buildConfigurations = (
				0F05E6BC2B62B4D3009EBE91 /* Debug */,
				0F05E6BD2B62B4D3009EBE91 /* Release */,
			);
			defaultConfigurationIsVisible = 0;
			defaultConfigurationName = Release;
		};
		0F05E6BE2B62B4D3009EBE91 /* Build configuration list for PBXNativeTarget "CozyGather" */ = {
			isa = XCConfigurationList;
			buildConfigurations = (
				0F05E6BF2B62B4D3009EBE91 /* Debug */,
				0F05E6C02B62B4D3009EBE91 /* Release */,
			);
			defaultConfigurationIsVisible = 0;
			defaultConfigurationName = Release;
		};
/* End XCConfigurationList section */
	};
	rootObject = 0F05E6A82B62B4D2009EBE91 /* Project object */;
}
